
Microsoft Visual Studio Solution File, Format Version 12.00
# Visual Studio Version 16
VisualStudioVersion = 16.0.29001.49
MinimumVisualStudioVersion = 10.0.40219.1
Project("{FAE04EC0-301F-11D3-BF4B-00C04F79EFBC}") = "ToTheChase", "ToTheChase\ToTheChase.csproj", "{B20C360A-CD01-489F-9F24-9D4B8A2C34D2}"
EndProject
Global
	GlobalSection(SolutionConfigurationPlatforms) = preSolution
		Debug|Any CPU = Debug|Any CPU
		Release|Any CPU = Release|Any CPU
	EndGlobalSection
	GlobalSection(ProjectConfigurationPlatforms) = postSolution
		{B20C360A-CD01-489F-9F24-9D4B8A2C34D2}.Debug|Any CPU.ActiveCfg = Debug|Any CPU
		{B20C360A-CD01-489F-9F24-9D4B8A2C34D2}.Debug|Any CPU.Build.0 = Debug|Any CPU
		{B20C360A-CD01-489F-9F24-9D4B8A2C34D2}.Release|Any CPU.ActiveCfg = Release|Any CPU
		{B20C360A-CD01-489F-9F24-9D4B8A2C34D2}.Release|Any CPU.Build.0 = Release|Any CPU
	EndGlobalSection
	GlobalSection(SolutionProperties) = preSolution
		HideSolutionNode = FALSE
	EndGlobalSection
	GlobalSection(ExtensibilityGlobals) = postSolution
		SolutionGuid = {0CFE7796-5446-4BAC-96A1-1B6548BF58F4}
	EndGlobalSection
EndGlobal
